// !$*UTF8*$!
{
	archiveVersion = 1;
	classes = {
	};
	objectVersion = 50;
	objects = {

/* Begin PBXBuildFile section */
		DBB1E9DA208DE02B0012D560 /* AppDelegate.swift in Sources */ = {isa = PBXBuildFile; fileRef = DBB1E9D9208DE02B0012D560 /* AppDelegate.swift */; };
		DBB1E9DC208DE02B0012D560 /* ViewController.swift in Sources */ = {isa = PBXBuildFile; fileRef = DBB1E9DB208DE02B0012D560 /* ViewController.swift */; };
		DBB1E9DF208DE02B0012D560 /* Main.storyboard in Resources */ = {isa = PBXBuildFile; fileRef = DBB1E9DD208DE02B0012D560 /* Main.storyboard */; };
		DBB1E9E1208DE02C0012D560 /* Assets.xcassets in Resources */ = {isa = PBXBuildFile; fileRef = DBB1E9E0208DE02C0012D560 /* Assets.xcassets */; };
		DBB1E9E4208DE02C0012D560 /* LaunchScreen.storyboard in Resources */ = {isa = PBXBuildFile; fileRef = DBB1E9E2208DE02C0012D560 /* LaunchScreen.storyboard */; };
		DBB1E9EC208DE0580012D560 /* VerhoeffAlgorithm.swift in Sources */ = {isa = PBXBuildFile; fileRef = DBB1E9EB208DE0580012D560 /* VerhoeffAlgorithm.swift */; };
/* End PBXBuildFile section */

/* Begin PBXFileReference section */
		DBB1E9D6208DE02B0012D560 /* Verhoeff Algorithm.app */ = {isa = PBXFileReference; explicitFileType = wrapper.application; includeInIndex = 0; path = "Verhoeff Algorithm.app"; sourceTree = BUILT_PRODUCTS_DIR; };
		DBB1E9D9208DE02B0012D560 /* AppDelegate.swift */ = {isa = PBXFileReference; lastKnownFileType = sourcecode.swift; path = AppDelegate.swift; sourceTree = "<group>"; };
		DBB1E9DB208DE02B0012D560 /* ViewController.swift */ = {isa = PBXFileReference; lastKnownFileType = sourcecode.swift; path = ViewController.swift; sourceTree = "<group>"; };
		DBB1E9DE208DE02B0012D560 /* Base */ = {isa = PBXFileReference; lastKnownFileType = file.storyboard; name = Base; path = Base.lproj/Main.storyboard; sourceTree = "<group>"; };
		DBB1E9E0208DE02C0012D560 /* Assets.xcassets */ = {isa = PBXFileReference; lastKnownFileType = folder.assetcatalog; path = Assets.xcassets; sourceTree = "<group>"; };
		DBB1E9E3208DE02C0012D560 /* Base */ = {isa = PBXFileReference; lastKnownFileType = file.storyboard; name = Base; path = Base.lproj/LaunchScreen.storyboard; sourceTree = "<group>"; };
		DBB1E9E5208DE02C0012D560 /* Info.plist */ = {isa = PBXFileReference; lastKnownFileType = text.plist.xml; path = Info.plist; sourceTree = "<group>"; };
		DBB1E9EB208DE0580012D560 /* VerhoeffAlgorithm.swift */ = {isa = PBXFileReference; lastKnownFileType = sourcecode.swift; path = VerhoeffAlgorithm.swift; sourceTree = "<group>"; };
/* End PBXFileReference section */

/* Begin PBXFrameworksBuildPhase section */
		DBB1E9D3208DE02B0012D560 /* Frameworks */ = {
			isa = PBXFrameworksBuildPhase;
			buildActionMask = 2147483647;
			files = (
			);
			runOnlyForDeploymentPostprocessing = 0;
		};
/* End PBXFrameworksBuildPhase section */

/* Begin PBXGroup section */
		DBB1E9CD208DE02B0012D560 = {
			isa = PBXGroup;
			children = (
				DBB1E9D8208DE02B0012D560 /* Verhoeff Algorithm */,
				DBB1E9D7208DE02B0012D560 /* Products */,
			);
			sourceTree = "<group>";
		};
		DBB1E9D7208DE02B0012D560 /* Products */ = {
			isa = PBXGroup;
			children = (
				DBB1E9D6208DE02B0012D560 /* Verhoeff Algorithm.app */,
			);
			name = Products;
			sourceTree = "<group>";
		};
		DBB1E9D8208DE02B0012D560 /* Verhoeff Algorithm */ = {
			isa = PBXGroup;
			children = (
				DBB1E9D9208DE02B0012D560 /* AppDelegate.swift */,
				DBB1E9DB208DE02B0012D560 /* ViewController.swift */,
				DBB1E9EB208DE0580012D560 /* VerhoeffAlgorithm.swift */,
				DBB1E9DD208DE02B0012D560 /* Main.storyboard */,
				DBB1E9E0208DE02C0012D560 /* Assets.xcassets */,
				DBB1E9E2208DE02C0012D560 /* LaunchScreen.storyboard */,
				DBB1E9E5208DE02C0012D560 /* Info.plist */,
			);
			path = "Verhoeff Algorithm";
			sourceTree = "<group>";
		};
/* End PBXGroup section */

/* Begin PBXNativeTarget section */
		DBB1E9D5208DE02B0012D560 /* Verhoeff Algorithm */ = {
			isa = PBXNativeTarget;
			buildConfigurationList = DBB1E9E8208DE02C0012D560 /* Build configuration list for PBXNativeTarget "Verhoeff Algorithm" */;
			buildPhases = (
				DBB1E9D2208DE02B0012D560 /* Sources */,
				DBB1E9D3208DE02B0012D560 /* Frameworks */,
				DBB1E9D4208DE02B0012D560 /* Resources */,
			);
			buildRules = (
			);
			dependencies = (
			);
			name = "Verhoeff Algorithm";
			productName = "Verhoeff Algorithm";
			productReference = DBB1E9D6208DE02B0012D560 /* Verhoeff Algorithm.app */;
			productType = "com.apple.product-type.application";
		};
/* End PBXNativeTarget section */

/* Begin PBXProject section */
		DBB1E9CE208DE02B0012D560 /* Project object */ = {
			isa = PBXProject;
			attributes = {
				LastSwiftUpdateCheck = 0930;
				LastUpgradeCheck = 0930;
				ORGANIZATIONNAME = "Juber Moulvi Abdul";
				TargetAttributes = {
					DBB1E9D5208DE02B0012D560 = {
						CreatedOnToolsVersion = 9.3;
					};
				};
			};
			buildConfigurationList = DBB1E9D1208DE02B0012D560 /* Build configuration list for PBXProject "Verhoeff Algorithm" */;
			compatibilityVersion = "Xcode 9.3";
			developmentRegion = en;
			hasScannedForEncodings = 0;
			knownRegions = (
				en,
				Base,
			);
			mainGroup = DBB1E9CD208DE02B0012D560;
			productRefGroup = DBB1E9D7208DE02B0012D560 /* Products */;
			projectDirPath = "";
			projectRoot = "";
			targets = (
				DBB1E9D5208DE02B0012D560 /* Verhoeff Algorithm */,
			);
		};
/* End PBXProject section */

/* Begin PBXResourcesBuildPhase section */
		DBB1E9D4208DE02B0012D560 /* Resources */ = {
			isa = PBXResourcesBuildPhase;
			buildActionMask = 2147483647;
			files = (
				DBB1E9E4208DE02C0012D560 /* LaunchScreen.storyboard in Resources */,
				DBB1E9E1208DE02C0012D560 /* Assets.xcassets in Resources */,
				DBB1E9DF208DE02B0012D560 /* Main.storyboard in Resources */,
			);
			runOnlyForDeploymentPostprocessing = 0;
		};
/* End PBXResourcesBuildPhase section */

/* Begin PBXSourcesBuildPhase section */
		DBB1E9D2208DE02B0012D560 /* Sources */ = {
			isa = PBXSourcesBuildPhase;
			buildActionMask = 2147483647;
			files = (
				DBB1E9DC208DE02B0012D560 /* ViewController.swift in Sources */,
				DBB1E9DA208DE02B0012D560 /* AppDelegate.swift in Sources */,
				DBB1E9EC208DE0580012D560 /* VerhoeffAlgorithm.swift in Sources */,
			);
			runOnlyForDeploymentPostprocessing = 0;
		};
/* End PBXSourcesBuildPhase section */

/* Begin PBXVariantGroup section */
		DBB1E9DD208DE02B0012D560 /* Main.storyboard */ = {
			isa = PBXVariantGroup;
			children = (
				DBB1E9DE208DE02B0012D560 /* Base */,
			);
			name = Main.storyboard;
			sourceTree = "<group>";
		};
		DBB1E9E2208DE02C0012D560 /* LaunchScreen.storyboard */ = {
			isa = PBXVariantGroup;
			children = (
				DBB1E9E3208DE02C0012D560 /* Base */,
			);
			name = LaunchScreen.storyboard;
			sourceTree = "<group>";
		};
/* End PBXVariantGroup section */

/* Begin XCBuildConfiguration section */
		DBB1E9E6208DE02C0012D560 /* Debug */ = {
			isa = XCBuildConfiguration;
			buildSettings = {
				ALWAYS_SEARCH_USER_PATHS = NO;
				CLANG_ANALYZER_NONNULL = YES;
				CLANG_ANALYZER_NUMBER_OBJECT_CONVERSION = YES_AGGRESSIVE;
				CLANG_CXX_LANGUAGE_STANDARD = "gnu++14";
				CLANG_CXX_LIBRARY = "libc++";
				CLANG_ENABLE_MODULES = YES;
				CLANG_ENABLE_OBJC_ARC = YES;
				CLANG_ENABLE_OBJC_WEAK = YES;
				CLANG_WARN_BLOCK_CAPTURE_AUTORELEASING = YES;
				CLANG_WARN_BOOL_CONVERSION = YES;
				CLANG_WARN_COMMA = YES;
				CLANG_WARN_CONSTANT_CONVERSION = YES;
				CLANG_WARN_DEPRECATED_OBJC_IMPLEMENTATIONS = YES;
				CLANG_WARN_DIRECT_OBJC_ISA_USAGE = YES_ERROR;
				CLANG_WARN_DOCUMENTATION_COMMENTS = YES;
				CLANG_WARN_EMPTY_BODY = YES;
				CLANG_WARN_ENUM_CONVERSION = YES;
				CLANG_WARN_INFINITE_RECURSION = YES;
				CLANG_WARN_INT_CONVERSION = YES;
				CLANG_WARN_NON_LITERAL_NULL_CONVERSION = YES;
				CLANG_WARN_OBJC_IMPLICIT_RETAIN_SELF = YES;
				CLANG_WARN_OBJC_LITERAL_CONVERSION = YES;
				CLANG_WARN_OBJC_ROOT_CLASS = YES_ERROR;
				CLANG_WARN_RANGE_LOOP_ANALYSIS = YES;
				CLANG_WARN_STRICT_PROTOTYPES = YES;
				CLANG_WARN_SUSPICIOUS_MOVE = YES;
				CLANG_WARN_UNGUARDED_AVAILABILITY = YES_AGGRESSIVE;
				CLANG_WARN_UNREACHABLE_CODE = YES;
				CLANG_WARN__DUPLICATE_METHOD_MATCH = YES;
				CODE_SIGN_IDENTITY = "iPhone Developer";
				COPY_PHASE_STRIP = NO;
				DEBUG_INFORMATION_FORMAT = dwarf;
				ENABLE_STRICT_OBJC_MSGSEND = YES;
				ENABLE_TESTABILITY = YES;
				GCC_C_LANGUAGE_STANDARD = gnu11;
				GCC_DYNAMIC_NO_PIC = NO;
				GCC_NO_COMMON_BLOCKS = YES;
				GCC_OPTIMIZATION_LEVEL = 0;
				GCC_PREPROCESSOR_DEFINITIONS = (
					"DEBUG=1",
					"$(inherited)",
				);
				GCC_WARN_64_TO_32_BIT_CONVERSION = YES;
				GCC_WARN_ABOUT_RETURN_TYPE = YES_ERROR;
				GCC_WARN_UNDECLARED_SELECTOR = YES;
				GCC_WARN_UNINITIALIZED_AUTOS = YES_AGGRESSIVE;
				GCC_WARN_UNUSED_FUNCTION = YES;
				GCC_WARN_UNUSED_VARIABLE = YES;
				IPHONEOS_DEPLOYMENT_TARGET = 11.3;
				MTL_ENABLE_DEBUG_INFO = YES;
				ONLY_ACTIVE_ARCH = YES;
				SDKROOT = iphoneos;
				SWIFT_ACTIVE_COMPILATION_CONDITIONS = DEBUG;
				SWIFT_OPTIMIZATION_LEVEL = "-Onone";
			};
			name = Debug;
		};
		DBB1E9E7208DE02C0012D560 /* Release */ = {
			isa = XCBuildConfiguration;
			buildSettings = {
				ALWAYS_SEARCH_USER_PATHS = NO;
				CLANG_ANALYZER_NONNULL = YES;
				CLANG_ANALYZER_NUMBER_OBJECT_CONVERSION = YES_AGGRESSIVE;
				CLANG_CXX_LANGUAGE_STANDARD = "gnu++14";
				CLANG_CXX_LIBRARY = "libc++";
				CLANG_ENABLE_MODULES = YES;
				CLANG_ENABLE_OBJC_ARC = YES;
				CLANG_ENABLE_OBJC_WEAK = YES;
				CLANG_WARN_BLOCK_CAPTURE_AUTORELEASING = YES;
				CLANG_WARN_BOOL_CONVERSION = YES;
				CLANG_WARN_COMMA = YES;
				CLANG_WARN_CONSTANT_CONVERSION = YES;
				CLANG_WARN_DEPRECATED_OBJC_IMPLEMENTATIONS = YES;
				CLANG_WARN_DIRECT_OBJC_ISA_USAGE = YES_ERROR;
				CLANG_WARN_DOCUMENTATION_COMMENTS = YES;
				CLANG_WARN_EMPTY_BODY = YES;
				CLANG_WARN_ENUM_CONVERSION = YES;
				CLANG_WARN_INFINITE_RECURSION = YES;
				CLANG_WARN_INT_CONVERSION = YES;
				CLANG_WARN_NON_LITERAL_NULL_CONVERSION = YES;
				CLANG_WARN_OBJC_IMPLICIT_RETAIN_SELF = YES;
				CLANG_WARN_OBJC_LITERAL_CONVERSION = YES;
				CLANG_WARN_OBJC_ROOT_CLASS = YES_ERROR;
				CLANG_WARN_RANGE_LOOP_ANALYSIS = YES;
				CLANG_WARN_STRICT_PROTOTYPES = YES;
				CLANG_WARN_SUSPICIOUS_MOVE = YES;
				CLANG_WARN_UNGUARDED_AVAILABILITY = YES_AGGRESSIVE;
				CLANG_WARN_UNREACHABLE_CODE = YES;
				CLANG_WARN__DUPLICATE_METHOD_MATCH = YES;
				CODE_SIGN_IDENTITY = "iPhone Developer";
				COPY_PHASE_STRIP = NO;
				DEBUG_INFORMATION_FORMAT = "dwarf-with-dsym";
				ENABLE_NS_ASSERTIONS = NO;
				ENABLE_STRICT_OBJC_MSGSEND = YES;
				GCC_C_LANGUAGE_STANDARD = gnu11;
				GCC_NO_COMMON_BLOCKS = YES;
				GCC_WARN_64_TO_32_BIT_CONVERSION = YES;
				GCC_WARN_ABOUT_RETURN_TYPE = YES_ERROR;
				GCC_WARN_UNDECLARED_SELECTOR = YES;
				GCC_WARN_UNINITIALIZED_AUTOS = YES_AGGRESSIVE;
				GCC_WARN_UNUSED_FUNCTION = YES;
				GCC_WARN_UNUSED_VARIABLE = YES;
				IPHONEOS_DEPLOYMENT_TARGET = 11.3;
				MTL_ENABLE_DEBUG_INFO = NO;
				SDKROOT = iphoneos;
				SWIFT_COMPILATION_MODE = wholemodule;
				SWIFT_OPTIMIZATION_LEVEL = "-O";
				VALIDATE_PRODUCT = YES;
			};
			name = Release;
		};
		DBB1E9E9208DE02C0012D560 /* Debug */ = {
			isa = XCBuildConfiguration;
			buildSettings = {
				ASSETCATALOG_COMPILER_APPICON_NAME = AppIcon;
				CODE_SIGN_STYLE = Automatic;
				INFOPLIST_FILE = "Verhoeff Algorithm/Info.plist";
				LD_RUNPATH_SEARCH_PATHS = (
					"$(inherited)",
					"@executable_path/Frameworks",
				);
				PRODUCT_BUNDLE_IDENTIFIER = "com.Verhoeff-Algorithm";
				PRODUCT_NAME = "$(TARGET_NAME)";
				SWIFT_VERSION = 4.0;
				TARGETED_DEVICE_FAMILY = "1,2";
			};
			name = Debug;
		};
		DBB1E9EA208DE02C0012D560 /* Release */ = {
			isa = XCBuildConfiguration;
			buildSettings = {
				ASSETCATALOG_COMPILER_APPICON_NAME = AppIcon;
				CODE_SIGN_STYLE = Automatic;
				INFOPLIST_FILE = "Verhoeff Algorithm/Info.plist";
				LD_RUNPATH_SEARCH_PATHS = (
					"$(inherited)",
					"@executable_path/Frameworks",
				);
				PRODUCT_BUNDLE_IDENTIFIER = "com.Verhoeff-Algorithm";
				PRODUCT_NAME = "$(TARGET_NAME)";
				SWIFT_VERSION = 4.0;
				TARGETED_DEVICE_FAMILY = "1,2";
			};
			name = Release;
		};
/* End XCBuildConfiguration section */

/* Begin XCConfigurationList section */
		DBB1E9D1208DE02B0012D560 /* Build configuration list for PBXProject "Verhoeff Algorithm" */ = {
			isa = XCConfigurationList;
			buildConfigurations = (
				DBB1E9E6208DE02C0012D560 /* Debug */,
				DBB1E9E7208DE02C0012D560 /* Release */,
			);
			defaultConfigurationIsVisible = 0;
			defaultConfigurationName = Release;
		};
		DBB1E9E8208DE02C0012D560 /* Build configuration list for PBXNativeTarget "Verhoeff Algorithm" */ = {
			isa = XCConfigurationList;
			buildConfigurations = (
				DBB1E9E9208DE02C0012D560 /* Debug */,
				DBB1E9EA208DE02C0012D560 /* Release */,
			);
			defaultConfigurationIsVisible = 0;
			defaultConfigurationName = Release;
		};
/* End XCConfigurationList section */
	};
	rootObject = DBB1E9CE208DE02B0012D560 /* Project object */;
}
